
Microsoft Visual Studio Solution File, Format Version 12.00
# Visual Studio Version 17
VisualStudioVersion = 17.3.32819.101
MinimumVisualStudioVersion = 10.0.40219.1
Project("{FAE04EC0-301F-11D3-BF4B-00C04F79EFBC}") = "calculadoraBhaskara", "calculadoraBhaskara\calculadoraBhaskara.csproj", "{BABC688E-C7A3-4719-AF45-6937FBCD723F}"
EndProject
Global
	GlobalSection(SolutionConfigurationPlatforms) = preSolution
		Debug|Any CPU = Debug|Any CPU
		Release|Any CPU = Release|Any CPU
	EndGlobalSection
	GlobalSection(ProjectConfigurationPlatforms) = postSolution
		{BABC688E-C7A3-4719-AF45-6937FBCD723F}.Debug|Any CPU.ActiveCfg = Debug|Any CPU
		{BABC688E-C7A3-4719-AF45-6937FBCD723F}.Debug|Any CPU.Build.0 = Debug|Any CPU
		{BABC688E-C7A3-4719-AF45-6937FBCD723F}.Release|Any CPU.ActiveCfg = Release|Any CPU
		{BABC688E-C7A3-4719-AF45-6937FBCD723F}.Release|Any CPU.Build.0 = Release|Any CPU
	EndGlobalSection
	GlobalSection(SolutionProperties) = preSolution
		HideSolutionNode = FALSE
	EndGlobalSection
	GlobalSection(ExtensibilityGlobals) = postSolution
		SolutionGuid = {C816C6F9-EA93-44D6-8B2B-456A24E5792A}
	EndGlobalSection
EndGlobal
